
Microsoft Visual Studio Solution File, Format Version 12.00
# Visual Studio Version 16
VisualStudioVersion = 16.0.29102.190
MinimumVisualStudioVersion = 10.0.40219.1
Project("{FAE04EC0-301F-11D3-BF4B-00C04F79EFBC}") = "Server", "Server\Server.csproj", "{3CC33773-3C17-48D9-B2DF-B4091ADB18E7}"
EndProject
Project("{FAE04EC0-301F-11D3-BF4B-00C04F79EFBC}") = "Client", "Client\Client.csproj", "{4D20BF47-FD29-4F09-B481-002899CB6E38}"
EndProject
Global
	GlobalSection(SolutionConfigurationPlatforms) = preSolution
		Debug|Any CPU = Debug|Any CPU
		Release|Any CPU = Release|Any CPU
	EndGlobalSection
	GlobalSection(ProjectConfigurationPlatforms) = postSolution
		{3CC33773-3C17-48D9-B2DF-B4091ADB18E7}.Debug|Any CPU.ActiveCfg = Debug|Any CPU
		{3CC33773-3C17-48D9-B2DF-B4091ADB18E7}.Debug|Any CPU.Build.0 = Debug|Any CPU
		{3CC33773-3C17-48D9-B2DF-B4091ADB18E7}.Release|Any CPU.ActiveCfg = Release|Any CPU
		{3CC33773-3C17-48D9-B2DF-B4091ADB18E7}.Release|Any CPU.Build.0 = Release|Any CPU
		{4D20BF47-FD29-4F09-B481-002899CB6E38}.Debug|Any CPU.ActiveCfg = Debug|Any CPU
		{4D20BF47-FD29-4F09-B481-002899CB6E38}.Debug|Any CPU.Build.0 = Debug|Any CPU
		{4D20BF47-FD29-4F09-B481-002899CB6E38}.Release|Any CPU.ActiveCfg = Release|Any CPU
		{4D20BF47-FD29-4F09-B481-002899CB6E38}.Release|Any CPU.Build.0 = Release|Any CPU
	EndGlobalSection
	GlobalSection(SolutionProperties) = preSolution
		HideSolutionNode = FALSE
	EndGlobalSection
	GlobalSection(ExtensibilityGlobals) = postSolution
		SolutionGuid = {327F9A50-7A37-428F-8F57-DB0757CF9712}
	EndGlobalSection
EndGlobal
